
Microsoft Visual Studio Solution File, Format Version 12.00
# Visual Studio Version 17
VisualStudioVersion = 17.7.34024.191
MinimumVisualStudioVersion = 10.0.40219.1
Project("{FAE04EC0-301F-11D3-BF4B-00C04F79EFBC}") = "Sushi", "Sushi.csproj", "{287DFD4E-5907-4E8C-8B83-C543112CAD53}"
EndProject
Global
	GlobalSection(SolutionConfigurationPlatforms) = preSolution
		Debug|Any CPU = Debug|Any CPU
		Release|Any CPU = Release|Any CPU
	EndGlobalSection
	GlobalSection(ProjectConfigurationPlatforms) = postSolution
		{287DFD4E-5907-4E8C-8B83-C543112CAD53}.Debug|Any CPU.ActiveCfg = Debug|Any CPU
		{287DFD4E-5907-4E8C-8B83-C543112CAD53}.Debug|Any CPU.Build.0 = Debug|Any CPU
		{287DFD4E-5907-4E8C-8B83-C543112CAD53}.Release|Any CPU.ActiveCfg = Release|Any CPU
		{287DFD4E-5907-4E8C-8B83-C543112CAD53}.Release|Any CPU.Build.0 = Release|Any CPU
	EndGlobalSection
	GlobalSection(SolutionProperties) = preSolution
		HideSolutionNode = FALSE
	EndGlobalSection
	GlobalSection(ExtensibilityGlobals) = postSolution
		SolutionGuid = {D0A5C272-5DBC-4820-AA0C-B99BA4F9E66C}
	EndGlobalSection
EndGlobal
